
Microsoft Visual Studio Solution File, Format Version 12.00
# Visual Studio Version 17
VisualStudioVersion = 17.8.34309.116
MinimumVisualStudioVersion = 10.0.40219.1
Project("{FAE04EC0-301F-11D3-BF4B-00C04F79EFBC}") = "Herança", "Herança\Herança.csproj", "{FF045A7F-7974-4D33-8FED-ACF94FF07F4D}"
EndProject
Global
	GlobalSection(SolutionConfigurationPlatforms) = preSolution
		Debug|Any CPU = Debug|Any CPU
		Release|Any CPU = Release|Any CPU
	EndGlobalSection
	GlobalSection(ProjectConfigurationPlatforms) = postSolution
		{FF045A7F-7974-4D33-8FED-ACF94FF07F4D}.Debug|Any CPU.ActiveCfg = Debug|Any CPU
		{FF045A7F-7974-4D33-8FED-ACF94FF07F4D}.Debug|Any CPU.Build.0 = Debug|Any CPU
		{FF045A7F-7974-4D33-8FED-ACF94FF07F4D}.Release|Any CPU.ActiveCfg = Release|Any CPU
		{FF045A7F-7974-4D33-8FED-ACF94FF07F4D}.Release|Any CPU.Build.0 = Release|Any CPU
	EndGlobalSection
	GlobalSection(SolutionProperties) = preSolution
		HideSolutionNode = FALSE
	EndGlobalSection
	GlobalSection(ExtensibilityGlobals) = postSolution
		SolutionGuid = {95B305BE-8B88-4C8F-84F9-A73DD49A3816}
	EndGlobalSection
EndGlobal
