
Microsoft Visual Studio Solution File, Format Version 12.00
# Visual Studio Version 17
VisualStudioVersion = 17.8.34309.116
MinimumVisualStudioVersion = 10.0.40219.1
Project("{FAE04EC0-301F-11D3-BF4B-00C04F79EFBC}") = "Get & Set", "Get & Set\Get & Set.csproj", "{2DA1C64A-6A36-4A86-92B0-7D8935CB8460}"
EndProject
Global
	GlobalSection(SolutionConfigurationPlatforms) = preSolution
		Debug|Any CPU = Debug|Any CPU
		Release|Any CPU = Release|Any CPU
	EndGlobalSection
	GlobalSection(ProjectConfigurationPlatforms) = postSolution
		{2DA1C64A-6A36-4A86-92B0-7D8935CB8460}.Debug|Any CPU.ActiveCfg = Debug|Any CPU
		{2DA1C64A-6A36-4A86-92B0-7D8935CB8460}.Debug|Any CPU.Build.0 = Debug|Any CPU
		{2DA1C64A-6A36-4A86-92B0-7D8935CB8460}.Release|Any CPU.ActiveCfg = Release|Any CPU
		{2DA1C64A-6A36-4A86-92B0-7D8935CB8460}.Release|Any CPU.Build.0 = Release|Any CPU
	EndGlobalSection
	GlobalSection(SolutionProperties) = preSolution
		HideSolutionNode = FALSE
	EndGlobalSection
	GlobalSection(ExtensibilityGlobals) = postSolution
		SolutionGuid = {648BFE2D-9010-484A-BCFA-DC278B88CB5B}
	EndGlobalSection
EndGlobal
