
Microsoft Visual Studio Solution File, Format Version 12.00
# Visual Studio Version 17
VisualStudioVersion = 17.7.34202.233
MinimumVisualStudioVersion = 10.0.40219.1
Project("{FAE04EC0-301F-11D3-BF4B-00C04F79EFBC}") = "Conceitos", "OrientaçãoObject RalfLima\Conceitos.csproj", "{37F87697-39A1-4E80-BDAC-CBE602572D75}"
EndProject
Global
	GlobalSection(SolutionConfigurationPlatforms) = preSolution
		Debug|Any CPU = Debug|Any CPU
		Release|Any CPU = Release|Any CPU
	EndGlobalSection
	GlobalSection(ProjectConfigurationPlatforms) = postSolution
		{37F87697-39A1-4E80-BDAC-CBE602572D75}.Debug|Any CPU.ActiveCfg = Debug|Any CPU
		{37F87697-39A1-4E80-BDAC-CBE602572D75}.Debug|Any CPU.Build.0 = Debug|Any CPU
		{37F87697-39A1-4E80-BDAC-CBE602572D75}.Release|Any CPU.ActiveCfg = Release|Any CPU
		{37F87697-39A1-4E80-BDAC-CBE602572D75}.Release|Any CPU.Build.0 = Release|Any CPU
	EndGlobalSection
	GlobalSection(SolutionProperties) = preSolution
		HideSolutionNode = FALSE
	EndGlobalSection
	GlobalSection(ExtensibilityGlobals) = postSolution
		SolutionGuid = {BFB5ACDF-4A12-478D-985D-A7FCEE2B3023}
	EndGlobalSection
EndGlobal
