
Microsoft Visual Studio Solution File, Format Version 12.00
# Visual Studio Version 17
VisualStudioVersion = 17.7.34202.233
MinimumVisualStudioVersion = 10.0.40219.1
Project("{FAE04EC0-301F-11D3-BF4B-00C04F79EFBC}") = "Calculadora Project", "Calculadora Project\Calculadora Project.csproj", "{5149E468-B237-4ABE-AF3A-E6C7060C1BAA}"
EndProject
Global
	GlobalSection(SolutionConfigurationPlatforms) = preSolution
		Debug|Any CPU = Debug|Any CPU
		Release|Any CPU = Release|Any CPU
	EndGlobalSection
	GlobalSection(ProjectConfigurationPlatforms) = postSolution
		{5149E468-B237-4ABE-AF3A-E6C7060C1BAA}.Debug|Any CPU.ActiveCfg = Debug|Any CPU
		{5149E468-B237-4ABE-AF3A-E6C7060C1BAA}.Debug|Any CPU.Build.0 = Debug|Any CPU
		{5149E468-B237-4ABE-AF3A-E6C7060C1BAA}.Release|Any CPU.ActiveCfg = Release|Any CPU
		{5149E468-B237-4ABE-AF3A-E6C7060C1BAA}.Release|Any CPU.Build.0 = Release|Any CPU
	EndGlobalSection
	GlobalSection(SolutionProperties) = preSolution
		HideSolutionNode = FALSE
	EndGlobalSection
	GlobalSection(ExtensibilityGlobals) = postSolution
		SolutionGuid = {FA96EE27-AEA1-4E23-99DB-4B86D0454ED3}
	EndGlobalSection
EndGlobal
