
Microsoft Visual Studio Solution File, Format Version 12.00
# Visual Studio Version 17
VisualStudioVersion = 17.7.34202.233
MinimumVisualStudioVersion = 10.0.40219.1
Project("{FAE04EC0-301F-11D3-BF4B-00C04F79EFBC}") = "EditorHtml", "EditorHtml\EditorHtml.csproj", "{EA1BB982-54D8-4F7F-A0A5-947B27160790}"
EndProject
Global
	GlobalSection(SolutionConfigurationPlatforms) = preSolution
		Debug|Any CPU = Debug|Any CPU
		Release|Any CPU = Release|Any CPU
	EndGlobalSection
	GlobalSection(ProjectConfigurationPlatforms) = postSolution
		{EA1BB982-54D8-4F7F-A0A5-947B27160790}.Debug|Any CPU.ActiveCfg = Debug|Any CPU
		{EA1BB982-54D8-4F7F-A0A5-947B27160790}.Debug|Any CPU.Build.0 = Debug|Any CPU
		{EA1BB982-54D8-4F7F-A0A5-947B27160790}.Release|Any CPU.ActiveCfg = Release|Any CPU
		{EA1BB982-54D8-4F7F-A0A5-947B27160790}.Release|Any CPU.Build.0 = Release|Any CPU
	EndGlobalSection
	GlobalSection(SolutionProperties) = preSolution
		HideSolutionNode = FALSE
	EndGlobalSection
	GlobalSection(ExtensibilityGlobals) = postSolution
		SolutionGuid = {D0F44381-979A-4788-BA20-05D59948DBA7}
	EndGlobalSection
EndGlobal
